
Microsoft Visual Studio Solution File, Format Version 12.00
# Visual Studio Version 17
VisualStudioVersion = 17.3.32922.545
MinimumVisualStudioVersion = 10.0.40219.1
Project("{FAE04EC0-301F-11D3-BF4B-00C04F79EFBC}") = "XvsO", "XvsO.csproj", "{AFE5EFFE-AFE3-4E99-B481-DBDAC8E8910B}"
EndProject
Global
	GlobalSection(SolutionConfigurationPlatforms) = preSolution
		Debug|Any CPU = Debug|Any CPU
		Release|Any CPU = Release|Any CPU
	EndGlobalSection
	GlobalSection(ProjectConfigurationPlatforms) = postSolution
		{AFE5EFFE-AFE3-4E99-B481-DBDAC8E8910B}.Debug|Any CPU.ActiveCfg = Debug|Any CPU
		{AFE5EFFE-AFE3-4E99-B481-DBDAC8E8910B}.Debug|Any CPU.Build.0 = Debug|Any CPU
		{AFE5EFFE-AFE3-4E99-B481-DBDAC8E8910B}.Release|Any CPU.ActiveCfg = Release|Any CPU
		{AFE5EFFE-AFE3-4E99-B481-DBDAC8E8910B}.Release|Any CPU.Build.0 = Release|Any CPU
	EndGlobalSection
	GlobalSection(SolutionProperties) = preSolution
		HideSolutionNode = FALSE
	EndGlobalSection
	GlobalSection(ExtensibilityGlobals) = postSolution
		SolutionGuid = {1BD26DCE-AEAE-4791-BA04-F59F6E0027F0}
	EndGlobalSection
EndGlobal
